{
  "name": "immutable",
  "version": "1.0.0",
  "lockfileVersion": 1,
  "requires": true,
  "dependencies": {
    "@timelaps/array": {
      "version": "1.0.7",
      "resolved": "https://registry.npmjs.org/@timelaps/array/-/array-1.0.7.tgz",
      "integrity": "sha512-Z7hfeZo/q3JjrX3hZpgLAJ07VdfFZOTODXLhpNT+/deHm4ZENlrdmTwz/qrjC163S4bGPlL6S/OWIrPW5EBVAA==",
      "requires": {
        "@timelaps/constants": "1.0.5",
        "@timelaps/fn": "1.0.8",
        "@timelaps/is": "1.0.8",
        "@timelaps/n": "1.0.22",
        "@timelaps/object": "1.0.19",
        "@timelaps/to": "1.0.6"
      }
    },
    "@timelaps/classy": {
      "version": "1.0.10",
      "resolved": "https://registry.npmjs.org/@timelaps/classy/-/classy-1.0.10.tgz",
      "integrity": "sha512-waJZiB5R7FGjQ6aMYYQ3G3I0Fzw5Q4diSzKGjWWV2sdw3kho4pMfEB4Chjc9YfSNPZUuUT1tI/eSdlaYTPClQg==",
      "requires": {
        "@timelaps/fn": "1.0.8",
        "@timelaps/io": "1.0.3",
        "@timelaps/is": "1.0.8",
        "@timelaps/n": "1.0.22",
        "@timelaps/time": "1.0.1",
        "@timelaps/to": "1.0.6"
      }
    },
    "@timelaps/constants": {
      "version": "1.0.5",
      "resolved": "https://registry.npmjs.org/@timelaps/constants/-/constants-1.0.5.tgz",
      "integrity": "sha1-LlxqWtea1Xr4600z2yzISBtbzR8="
    },
    "@timelaps/fn": {
      "version": "1.0.8",
      "resolved": "https://registry.npmjs.org/@timelaps/fn/-/fn-1.0.8.tgz",
      "integrity": "sha512-h6i9GDWXXe2vnrzxBoo8svCq+ba5+Cn0St2cPMOYZNgZ+nkWTXXkLtmeTRcLfd59GmJaMY23dtQTWiqCzUWSpw==",
      "requires": {
        "@timelaps/hacks": "1.0.3",
        "@timelaps/is": "1.0.8",
        "@timelaps/json": "1.0.3",
        "@timelaps/to": "1.0.6"
      }
    },
    "@timelaps/hacks": {
      "version": "1.0.3",
      "resolved": "https://registry.npmjs.org/@timelaps/hacks/-/hacks-1.0.3.tgz",
      "integrity": "sha1-BCxBHms8fA9nl/PKfHxGxDIzIl4="
    },
    "@timelaps/io": {
      "version": "1.0.3",
      "resolved": "https://registry.npmjs.org/@timelaps/io/-/io-1.0.3.tgz",
      "integrity": "sha1-CwkEFlUYI9bEFswPr02hIfYGWUc=",
      "requires": {
        "@timelaps/constants": "1.0.5",
        "@timelaps/fn": "1.0.8",
        "@timelaps/hacks": "1.0.3",
        "@timelaps/is": "1.0.8",
        "@timelaps/json": "1.0.3",
        "@timelaps/n": "1.0.22",
        "@timelaps/time": "1.0.1",
        "@timelaps/to": "1.0.6"
      }
    },
    "@timelaps/is": {
      "version": "1.0.8",
      "resolved": "https://registry.npmjs.org/@timelaps/is/-/is-1.0.8.tgz",
      "integrity": "sha1-f68l9MSbo5SC6s4gWlyT9CwFxgo=",
      "requires": {
        "@timelaps/constants": "1.0.5",
        "@timelaps/hacks": "1.0.3"
      }
    },
    "@timelaps/json": {
      "version": "1.0.3",
      "resolved": "https://registry.npmjs.org/@timelaps/json/-/json-1.0.3.tgz",
      "integrity": "sha1-dOVn/c26hE9uGsvbAFzXxsjykrM=",
      "requires": {
        "@timelaps/is": "1.0.8"
      }
    },
    "@timelaps/n": {
      "version": "1.0.22",
      "resolved": "https://registry.npmjs.org/@timelaps/n/-/n-1.0.22.tgz",
      "integrity": "sha512-VJYg3OYWsu8HAGP0zRVXdKeGXCn5C9a38+vSHu5hdwvuExqweVdxSYDntPOBwlb51Tq/LI6XS3+Fyj6pgLI36Q==",
      "requires": {
        "@timelaps/constants": "1.0.5",
        "@timelaps/fn": "1.0.8",
        "@timelaps/hacks": "1.0.3",
        "@timelaps/is": "1.0.8",
        "@timelaps/number": "1.0.0",
        "@timelaps/polyfill": "1.0.8",
        "@timelaps/returns": "1.0.0",
        "@timelaps/to": "1.0.6"
      }
    },
    "@timelaps/number": {
      "version": "1.0.0",
      "resolved": "https://registry.npmjs.org/@timelaps/number/-/number-1.0.0.tgz",
      "integrity": "sha1-wlLtK7HdVbCaD0YjpNDmc88PUvs=",
      "requires": {
        "@timelaps/is": "1.0.8"
      }
    },
    "@timelaps/object": {
      "version": "1.0.19",
      "resolved": "https://registry.npmjs.org/@timelaps/object/-/object-1.0.19.tgz",
      "integrity": "sha1-X2+mDmBAx1oiydRfuppB7ejtQZA=",
      "requires": {
        "@timelaps/constants": "1.0.5",
        "@timelaps/fn": "1.0.8",
        "@timelaps/is": "1.0.8",
        "@timelaps/json": "1.0.3",
        "@timelaps/n": "1.0.22"
      }
    },
    "@timelaps/polyfill": {
      "version": "1.0.8",
      "resolved": "https://registry.npmjs.org/@timelaps/polyfill/-/polyfill-1.0.8.tgz",
      "integrity": "sha1-8UYD1nmwmCpYC7sZZ/huyA4sPZQ=",
      "requires": {
        "@timelaps/hacks": "1.0.3",
        "document-register-element": "1.7.0"
      }
    },
    "@timelaps/returns": {
      "version": "1.0.0",
      "resolved": "https://registry.npmjs.org/@timelaps/returns/-/returns-1.0.0.tgz",
      "integrity": "sha1-LuNV7JlC5KL8nKtpMfy65RPvhVM=",
      "requires": {
        "@timelaps/is": "1.0.8"
      }
    },
    "@timelaps/string": {
      "version": "1.0.1",
      "resolved": "https://registry.npmjs.org/@timelaps/string/-/string-1.0.1.tgz",
      "integrity": "sha1-u7d0Ei/EFVOR6lWvKywHvG7y9kM=",
      "requires": {
        "@timelaps/array": "1.0.7",
        "@timelaps/fn": "1.0.8",
        "@timelaps/hacks": "1.0.3",
        "@timelaps/n": "1.0.22",
        "@timelaps/object": "1.0.19",
        "@timelaps/to": "1.0.6"
      }
    },
    "@timelaps/time": {
      "version": "1.0.1",
      "resolved": "https://registry.npmjs.org/@timelaps/time/-/time-1.0.1.tgz",
      "integrity": "sha1-PU0SpI0pC80WecKzjNZVW54w1nI=",
      "requires": {
        "@timelaps/fn": "1.0.8",
        "@timelaps/is": "1.0.8",
        "@timelaps/n": "1.0.22",
        "@timelaps/string": "1.0.1",
        "@timelaps/to": "1.0.6"
      }
    },
    "@timelaps/to": {
      "version": "1.0.6",
      "resolved": "https://registry.npmjs.org/@timelaps/to/-/to-1.0.6.tgz",
      "integrity": "sha512-2+qLBSxh1yoGu+CPYbZKIgFeniTDt5CvCk4hFBlqAJeVF7J1QgnwVzp2nVBACudBu62vsfG4G/WIcKwpchzpnA==",
      "requires": {
        "@timelaps/hacks": "1.0.3",
        "@timelaps/is": "1.0.8",
        "@timelaps/number": "1.0.0",
        "@timelaps/returns": "1.0.0"
      }
    },
    "document-register-element": {
      "version": "1.7.0",
      "resolved": "https://registry.npmjs.org/document-register-element/-/document-register-element-1.7.0.tgz",
      "integrity": "sha512-qAoWcNm1zW3LVO0KSblYISM0oLQzlNtns2gd1O/YS3QvFYFidG6lF73fC98fIbfPQkws698L0/URrtmN8+ADbQ=="
    }
  }
}
